
Microsoft Visual Studio Solution File, Format Version 12.00
# Visual Studio Version 16
VisualStudioVersion = 16.0.30804.86
MinimumVisualStudioVersion = 10.0.40219.1
Project("{FAE04EC0-301F-11D3-BF4B-00C04F79EFBC}") = "Shop.MVCWebUI", "Shop.MVCWebUI\Shop.MVCWebUI.csproj", "{89490C19-E3A2-408B-A43B-F8A2D0FB251E}"
EndProject
Project("{FAE04EC0-301F-11D3-BF4B-00C04F79EFBC}") = "Shop.Core", "Shop.Core\Shop.Core.csproj", "{F8184748-83F9-4C03-B491-EE5821A3FA9A}"
EndProject
Project("{FAE04EC0-301F-11D3-BF4B-00C04F79EFBC}") = "Shop.Business", "Shop.Business\Shop.Business.csproj", "{0A5C2E31-47B0-4FB5-ACFE-2E1D333B74E2}"
EndProject
Project("{FAE04EC0-301F-11D3-BF4B-00C04F79EFBC}") = "Shop.DataAccess", "Shop.DataAccess\Shop.DataAccess.csproj", "{924CC61D-F131-4A67-9899-2B99EFEABB1A}"
EndProject
Project("{FAE04EC0-301F-11D3-BF4B-00C04F79EFBC}") = "Shop.Entities", "Shop.Entities\Shop.Entities.csproj", "{37299921-0470-42B6-8CA8-08C62030CCD8}"
EndProject
Project("{FAE04EC0-301F-11D3-BF4B-00C04F79EFBC}") = "Shop.DataAccess.Tests", "Shop.DataAccess.Tests\Shop.DataAccess.Tests.csproj", "{6465DF81-70BE-4DEB-8E09-CB5A9C4396DF}"
EndProject
Global
	GlobalSection(SolutionConfigurationPlatforms) = preSolution
		Debug|Any CPU = Debug|Any CPU
		Release|Any CPU = Release|Any CPU
	EndGlobalSection
	GlobalSection(ProjectConfigurationPlatforms) = postSolution
		{89490C19-E3A2-408B-A43B-F8A2D0FB251E}.Debug|Any CPU.ActiveCfg = Debug|Any CPU
		{89490C19-E3A2-408B-A43B-F8A2D0FB251E}.Debug|Any CPU.Build.0 = Debug|Any CPU
		{89490C19-E3A2-408B-A43B-F8A2D0FB251E}.Release|Any CPU.ActiveCfg = Release|Any CPU
		{89490C19-E3A2-408B-A43B-F8A2D0FB251E}.Release|Any CPU.Build.0 = Release|Any CPU
		{F8184748-83F9-4C03-B491-EE5821A3FA9A}.Debug|Any CPU.ActiveCfg = Debug|Any CPU
		{F8184748-83F9-4C03-B491-EE5821A3FA9A}.Debug|Any CPU.Build.0 = Debug|Any CPU
		{F8184748-83F9-4C03-B491-EE5821A3FA9A}.Release|Any CPU.ActiveCfg = Release|Any CPU
		{F8184748-83F9-4C03-B491-EE5821A3FA9A}.Release|Any CPU.Build.0 = Release|Any CPU
		{0A5C2E31-47B0-4FB5-ACFE-2E1D333B74E2}.Debug|Any CPU.ActiveCfg = Debug|Any CPU
		{0A5C2E31-47B0-4FB5-ACFE-2E1D333B74E2}.Debug|Any CPU.Build.0 = Debug|Any CPU
		{0A5C2E31-47B0-4FB5-ACFE-2E1D333B74E2}.Release|Any CPU.ActiveCfg = Release|Any CPU
		{0A5C2E31-47B0-4FB5-ACFE-2E1D333B74E2}.Release|Any CPU.Build.0 = Release|Any CPU
		{924CC61D-F131-4A67-9899-2B99EFEABB1A}.Debug|Any CPU.ActiveCfg = Debug|Any CPU
		{924CC61D-F131-4A67-9899-2B99EFEABB1A}.Debug|Any CPU.Build.0 = Debug|Any CPU
		{924CC61D-F131-4A67-9899-2B99EFEABB1A}.Release|Any CPU.ActiveCfg = Release|Any CPU
		{924CC61D-F131-4A67-9899-2B99EFEABB1A}.Release|Any CPU.Build.0 = Release|Any CPU
		{37299921-0470-42B6-8CA8-08C62030CCD8}.Debug|Any CPU.ActiveCfg = Debug|Any CPU
		{37299921-0470-42B6-8CA8-08C62030CCD8}.Debug|Any CPU.Build.0 = Debug|Any CPU
		{37299921-0470-42B6-8CA8-08C62030CCD8}.Release|Any CPU.ActiveCfg = Release|Any CPU
		{37299921-0470-42B6-8CA8-08C62030CCD8}.Release|Any CPU.Build.0 = Release|Any CPU
		{6465DF81-70BE-4DEB-8E09-CB5A9C4396DF}.Debug|Any CPU.ActiveCfg = Debug|Any CPU
		{6465DF81-70BE-4DEB-8E09-CB5A9C4396DF}.Debug|Any CPU.Build.0 = Debug|Any CPU
		{6465DF81-70BE-4DEB-8E09-CB5A9C4396DF}.Release|Any CPU.ActiveCfg = Release|Any CPU
		{6465DF81-70BE-4DEB-8E09-CB5A9C4396DF}.Release|Any CPU.Build.0 = Release|Any CPU
	EndGlobalSection
	GlobalSection(SolutionProperties) = preSolution
		HideSolutionNode = FALSE
	EndGlobalSection
	GlobalSection(ExtensibilityGlobals) = postSolution
		SolutionGuid = {968EBFFD-B05C-460D-9C26-A79FD19DDDBD}
	EndGlobalSection
EndGlobal
